
Microsoft Visual Studio Solution File, Format Version 12.00
# Visual Studio Version 16
VisualStudioVersion = 16.0.29920.165
MinimumVisualStudioVersion = 10.0.40219.1
Project("{FAE04EC0-301F-11D3-BF4B-00C04F79EFBC}") = "Graphic", "Graphic\Graphic.csproj", "{840FEA5E-E081-4998-B75B-FEF34FF73CEE}"
EndProject
Global
	GlobalSection(SolutionConfigurationPlatforms) = preSolution
		Debug|Any CPU = Debug|Any CPU
		Release|Any CPU = Release|Any CPU
	EndGlobalSection
	GlobalSection(ProjectConfigurationPlatforms) = postSolution
		{840FEA5E-E081-4998-B75B-FEF34FF73CEE}.Debug|Any CPU.ActiveCfg = Debug|Any CPU
		{840FEA5E-E081-4998-B75B-FEF34FF73CEE}.Debug|Any CPU.Build.0 = Debug|Any CPU
		{840FEA5E-E081-4998-B75B-FEF34FF73CEE}.Release|Any CPU.ActiveCfg = Release|Any CPU
		{840FEA5E-E081-4998-B75B-FEF34FF73CEE}.Release|Any CPU.Build.0 = Release|Any CPU
	EndGlobalSection
	GlobalSection(SolutionProperties) = preSolution
		HideSolutionNode = FALSE
	EndGlobalSection
	GlobalSection(ExtensibilityGlobals) = postSolution
		SolutionGuid = {C88904D7-4680-44A1-AB15-8A2CDD2D2331}
	EndGlobalSection
EndGlobal
